
Microsoft Visual Studio Solution File, Format Version 12.00
# Visual Studio 2013
VisualStudioVersion = 12.0.40629.0
MinimumVisualStudioVersion = 10.0.40219.1
Project("{FAE04EC0-301F-11D3-BF4B-00C04F79EFBC}") = "paint", "paint\paint.csproj", "{4642AEA8-8C6A-40C4-B229-8EC8CB5ECFDE}"
EndProject
Global
	GlobalSection(SolutionConfigurationPlatforms) = preSolution
		Debug|Any CPU = Debug|Any CPU
		Release|Any CPU = Release|Any CPU
	EndGlobalSection
	GlobalSection(ProjectConfigurationPlatforms) = postSolution
		{4642AEA8-8C6A-40C4-B229-8EC8CB5ECFDE}.Debug|Any CPU.ActiveCfg = Debug|Any CPU
		{4642AEA8-8C6A-40C4-B229-8EC8CB5ECFDE}.Debug|Any CPU.Build.0 = Debug|Any CPU
		{4642AEA8-8C6A-40C4-B229-8EC8CB5ECFDE}.Release|Any CPU.ActiveCfg = Release|Any CPU
		{4642AEA8-8C6A-40C4-B229-8EC8CB5ECFDE}.Release|Any CPU.Build.0 = Release|Any CPU
	EndGlobalSection
	GlobalSection(SolutionProperties) = preSolution
		HideSolutionNode = FALSE
	EndGlobalSection
EndGlobal
